
Microsoft Visual Studio Solution File, Format Version 12.00
# Visual Studio 15
VisualStudioVersion = 15.0.28010.2016
MinimumVisualStudioVersion = 10.0.40219.1
Project("{FAE04EC0-301F-11D3-BF4B-00C04F79EFBC}") = "AsyncExamples", "AsyncExamples\AsyncExamples.csproj", "{07E6F674-A545-41CF-9009-8E586287084E}"
EndProject
Project("{9A19103F-16F7-4668-BE54-9A1E7A4F7556}") = "AsyncHttpClient", "AsyncHttpClient\AsyncHttpClient.csproj", "{90190810-C55A-4DB8-8DFD-56F526E1253C}"
EndProject
Project("{2150E333-8FDC-42A3-9474-1A3956D46DE8}") = "Files...", "Files...", "{A02F7ED0-84B7-4645-9413-8170EF5CFAED}"
	ProjectSection(SolutionItems) = preProject
		.gitignore = .gitignore
		LICENSE = LICENSE
	EndProjectSection
EndProject
Global
	GlobalSection(SolutionConfigurationPlatforms) = preSolution
		Debug|Any CPU = Debug|Any CPU
		Release|Any CPU = Release|Any CPU
	EndGlobalSection
	GlobalSection(ProjectConfigurationPlatforms) = postSolution
		{07E6F674-A545-41CF-9009-8E586287084E}.Debug|Any CPU.ActiveCfg = Debug|Any CPU
		{07E6F674-A545-41CF-9009-8E586287084E}.Debug|Any CPU.Build.0 = Debug|Any CPU
		{07E6F674-A545-41CF-9009-8E586287084E}.Release|Any CPU.ActiveCfg = Release|Any CPU
		{07E6F674-A545-41CF-9009-8E586287084E}.Release|Any CPU.Build.0 = Release|Any CPU
		{90190810-C55A-4DB8-8DFD-56F526E1253C}.Debug|Any CPU.ActiveCfg = Debug|Any CPU
		{90190810-C55A-4DB8-8DFD-56F526E1253C}.Debug|Any CPU.Build.0 = Debug|Any CPU
		{90190810-C55A-4DB8-8DFD-56F526E1253C}.Release|Any CPU.ActiveCfg = Release|Any CPU
		{90190810-C55A-4DB8-8DFD-56F526E1253C}.Release|Any CPU.Build.0 = Release|Any CPU
	EndGlobalSection
	GlobalSection(SolutionProperties) = preSolution
		HideSolutionNode = FALSE
	EndGlobalSection
	GlobalSection(ExtensibilityGlobals) = postSolution
		SolutionGuid = {A992A902-97CD-478E-94BF-9916BF36074D}
	EndGlobalSection
EndGlobal
